<Solution>
  <Folder Name="/FrontEnd/">
    <Project Path="OrderGenerator.Web/OrderGenerator.Web.csproj" />
  </Folder>
  <Folder Name="/Gateway/" />
  <Folder Name="/Services/">
    <Project Path="OrderAccumulator/OrderAccumulator.csproj" />
    <Project Path="OrderGenerator.Api/OrderGenerator.Api.csproj" />
  </Folder>
  <Folder Name="/Tests/">
    <Project Path="TestOrderGenerator/TestOrderGenerator.csproj" Id="394b5616-e5a9-4403-9305-3325bc154fbe" />
  </Folder>
</Solution>
