<Solution>
  <Folder Name="/FrontEnd/">
    <Project Path="OrderGenerator.Web/OrderGenerator.Web.csproj" Id="1aeca420-37ce-4e25-966d-5de46054a2d5" />
  </Folder>
  <Folder Name="/Gateway/" />
  <Folder Name="/Services/">
    <Project Path="OrderAccumulator/OrderAccumulator.csproj" />
    <Project Path="OrderGenerator.Api/OrderGenerator.Api.csproj" />
  </Folder>
  <Folder Name="/Tests/">
    <Project Path="TestOrderAccumulator/TestOrderAccumulator.csproj" Id="27f99403-4b11-412c-b083-a83c715d53e5" />
    <Project Path="TestOrderGenerator/TestOrderGenerator.csproj" Id="394b5616-e5a9-4403-9305-3325bc154fbe" />
  </Folder>
</Solution>
